
Microsoft Visual Studio Solution File, Format Version 12.00
# Visual Studio Version 16
VisualStudioVersion = 16.0.31911.196
MinimumVisualStudioVersion = 10.0.40219.1
Project("{FAE04EC0-301F-11D3-BF4B-00C04F79EFBC}") = "DiscussionForm", "discussionform\DiscussionForm.csproj", "{6C6C1579-25A3-4FBB-B2C1-3C16C674E845}"
EndProject
Global
	GlobalSection(SolutionConfigurationPlatforms) = preSolution
		Debug|Any CPU = Debug|Any CPU
		Release|Any CPU = Release|Any CPU
	EndGlobalSection
	GlobalSection(ProjectConfigurationPlatforms) = postSolution
		{6C6C1579-25A3-4FBB-B2C1-3C16C674E845}.Debug|Any CPU.ActiveCfg = Debug|Any CPU
		{6C6C1579-25A3-4FBB-B2C1-3C16C674E845}.Debug|Any CPU.Build.0 = Debug|Any CPU
		{6C6C1579-25A3-4FBB-B2C1-3C16C674E845}.Release|Any CPU.ActiveCfg = Release|Any CPU
		{6C6C1579-25A3-4FBB-B2C1-3C16C674E845}.Release|Any CPU.Build.0 = Release|Any CPU
	EndGlobalSection
	GlobalSection(SolutionProperties) = preSolution
		HideSolutionNode = FALSE
	EndGlobalSection
	GlobalSection(ExtensibilityGlobals) = postSolution
		SolutionGuid = {79A1DB7A-49BF-4403-910C-42D73835DCF9}
	EndGlobalSection
EndGlobal
